{
  "R": {
    "Version": "4.0.3",
    "Repositories": [
      {
        "Name": "CRAN",
        "URL": "https://cran.rstudio.com"
      }
    ]
  },
  "Packages": {
    "BH": {
      "Package": "BH",
      "Version": "1.75.0-0",
      "Source": "Repository",
      "Repository": "CRAN",
      "Hash": "e4c04affc2cac20c8fec18385cd14691",
      "Requirements": []
    },
    "Formula": {
      "Package": "Formula",
      "Version": "1.2-4",
      "Source": "Repository",
      "Repository": "CRAN",
      "Hash": "cc8c8c4d61346cde1ca60030ff9c241f",
      "Requirements": []
    },
    "GGally": {
      "Package": "GGally",
      "Version": "2.1.2",
      "Source": "Repository",
      "Repository": "CRAN",
      "Hash": "022f78c8698724b326f1838b1a98cafa",
      "Requirements": [
        "RColorBrewer",
        "dplyr",
        "forcats",
        "ggplot2",
        "gtable",
        "lifecycle",
        "plyr",
        "progress",
        "reshape",
        "rlang",
        "scales",
        "tidyr"
      ]
    },
    "Hmisc": {
      "Package": "Hmisc",
      "Version": "4.5-0",
      "Source": "Repository",
      "Repository": "CRAN",
      "Hash": "6d0e5aada1900c1bc778c00573aefd53",
      "Requirements": [
        "Formula",
        "base64enc",
        "cluster",
        "data.table",
        "foreign",
        "ggplot2",
        "gridExtra",
        "gtable",
        "htmlTable",
        "htmltools",
        "lattice",
        "latticeExtra",
        "nnet",
        "rpart",
        "survival",
        "viridis"
      ]
    },
    "MASS": {
      "Package": "MASS",
      "Version": "7.3-53",
      "Source": "Repository",
      "Repository": "CRAN",
      "Hash": "d1bc1c8e9c0ace57ec9ffea01021d45f",
      "Requirements": []
    },
    "MBESS": {
      "Package": "MBESS",
      "Version": "4.8.0",
      "Source": "Repository",
      "Repository": "CRAN",
      "Hash": "21c56451ac43721da3a4d48c32bdd88d",
      "Requirements": [
        "MASS",
        "OpenMx",
        "boot",
        "gsl",
        "lavaan",
        "mnormt",
        "nlme",
        "sem",
        "semTools"
      ]
    },
    "Matrix": {
      "Package": "Matrix",
      "Version": "1.2-18",
      "Source": "Repository",
      "Repository": "CRAN",
      "Hash": "08588806cba69f04797dab50627428ed",
      "Requirements": [
        "lattice"
      ]
    },
    "OpenMx": {
      "Package": "OpenMx",
      "Version": "2.19.6",
      "Source": "Repository",
      "Repository": "CRAN",
      "Hash": "95c1bf561ce14164e64cd21d05737a0a",
      "Requirements": [
        "BH",
        "MASS",
        "Matrix",
        "Rcpp",
        "RcppEigen",
        "RcppParallel",
        "StanHeaders",
        "digest",
        "lifecycle",
        "rpf"
      ]
    },
    "R6": {
      "Package": "R6",
      "Version": "2.5.1",
      "Source": "Repository",
      "Repository": "CRAN",
      "Hash": "470851b6d5d0ac559e9d01bb352b4021",
      "Requirements": []
    },
    "RColorBrewer": {
      "Package": "RColorBrewer",
      "Version": "1.1-2",
      "Source": "Repository",
      "Repository": "CRAN",
      "Hash": "e031418365a7f7a766181ab5a41a5716",
      "Requirements": []
    },
    "RUnit": {
      "Package": "RUnit",
      "Version": "0.4.32",
      "Source": "Repository",
      "Repository": "CRAN",
      "Hash": "11af2a900964b790c6d775e0c9e8025f",
      "Requirements": []
    },
    "Rcpp": {
      "Package": "Rcpp",
      "Version": "1.0.7",
      "Source": "Repository",
      "Repository": "CRAN",
      "Hash": "dab19adae4440ae55aa8a9d238b246bb",
      "Requirements": []
    },
    "RcppArmadillo": {
      "Package": "RcppArmadillo",
      "Version": "0.10.6.0.0",
      "Source": "Repository",
      "Repository": "CRAN",
      "Hash": "d34bcef6e2df81ab2d44c7fbe8b4d3f0",
      "Requirements": [
        "Rcpp"
      ]
    },
    "RcppEigen": {
      "Package": "RcppEigen",
      "Version": "0.3.3.9.1",
      "Source": "Repository",
      "Repository": "CRAN",
      "Hash": "ddfa72a87fdf4c80466a20818be91d00",
      "Requirements": [
        "Matrix",
        "Rcpp"
      ]
    },
    "RcppParallel": {
      "Package": "RcppParallel",
      "Version": "5.1.4",
      "Source": "Repository",
      "Repository": "CRAN",
      "Hash": "0325b5be38a02d192828027983c7b470",
      "Requirements": []
    },
    "Rsolnp": {
      "Package": "Rsolnp",
      "Version": "1.16",
      "Source": "Repository",
      "Repository": "CRAN",
      "Hash": "2cd14f57e6b9f0c22e6b458db5cfc710",
      "Requirements": [
        "truncnorm"
      ]
    },
    "StanHeaders": {
      "Package": "StanHeaders",
      "Version": "2.21.0-7",
      "Source": "Repository",
      "Repository": "CRAN",
      "Hash": "0459d4dd7a8c239be18469a30c23dd4b",
      "Requirements": [
        "RcppEigen",
        "RcppParallel"
      ]
    },
    "XML": {
      "Package": "XML",
      "Version": "3.99-0.7",
      "Source": "Repository",
      "Repository": "CRAN",
      "Hash": "09776593e3e9d555fbd10fe98781103a",
      "Requirements": []
    },
    "abind": {
      "Package": "abind",
      "Version": "1.4-5",
      "Source": "Repository",
      "Repository": "CRAN",
      "Hash": "4f57884290cc75ab22f4af9e9d4ca862",
      "Requirements": []
    },
    "apa": {
      "Package": "apa",
      "Version": "0.3.3.9000",
      "Source": "GitHub",
      "RemoteType": "github",
      "RemoteHost": "api.github.com",
      "RemoteRepo": "apa",
      "RemoteUsername": "dgromer",
      "RemoteRef": "HEAD",
      "RemoteSha": "71e671acca0189c7d88e72748d127927e25be962",
      "Hash": "d9d1ebcef62712f4a5ccc464b6348df2",
      "Requirements": [
        "MBESS",
        "dplyr",
        "magrittr",
        "purrr",
        "rmarkdown",
        "stringr",
        "tibble"
      ]
    },
    "arm": {
      "Package": "arm",
      "Version": "1.11-2",
      "Source": "Repository",
      "Repository": "CRAN",
      "Hash": "21b26dbe61da18158451c105decd10d8",
      "Requirements": [
        "Hmisc",
        "MASS",
        "Matrix",
        "abind",
        "coda",
        "lme4",
        "nlme"
      ]
    },
    "askpass": {
      "Package": "askpass",
      "Version": "1.1",
      "Source": "Repository",
      "Repository": "CRAN",
      "Hash": "e8a22846fff485f0be3770c2da758713",
      "Requirements": [
        "sys"
      ]
    },
    "assertthat": {
      "Package": "assertthat",
      "Version": "0.2.1",
      "Source": "Repository",
      "Repository": "CRAN",
      "Hash": "50c838a310445e954bc13f26f26a6ecf",
      "Requirements": []
    },
    "backports": {
      "Package": "backports",
      "Version": "1.4.1",
      "Source": "Repository",
      "Repository": "CRAN",
      "Hash": "c39fbec8a30d23e721980b8afb31984c",
      "Requirements": []
    },
    "base64enc": {
      "Package": "base64enc",
      "Version": "0.1-3",
      "Source": "Repository",
      "Repository": "CRAN",
      "Hash": "543776ae6848fde2f48ff3816d0628bc",
      "Requirements": []
    },
    "bayestestR": {
      "Package": "bayestestR",
      "Version": "0.11.5",
      "Source": "Repository",
      "Repository": "CRAN",
      "Hash": "a1ac15e988cbeea3524f1f371ad13964",
      "Requirements": [
        "datawizard",
        "insight"
      ]
    },
    "bibtex": {
      "Package": "bibtex",
      "Version": "0.4.2.3",
      "Source": "Repository",
      "Repository": "CRAN",
      "Hash": "76c015d8a12da5047be8aa6bead07077",
      "Requirements": [
        "stringr"
      ]
    },
    "bookdown": {
      "Package": "bookdown",
      "Version": "0.24",
      "Source": "Repository",
      "Repository": "CRAN",
      "Hash": "3837766a1e1b527af25fa3e2d12a2800",
      "Requirements": [
        "htmltools",
        "jquerylib",
        "knitr",
        "rmarkdown",
        "tinytex",
        "xfun",
        "yaml"
      ]
    },
    "boot": {
      "Package": "boot",
      "Version": "1.3-25",
      "Source": "Repository",
      "Repository": "CRAN",
      "Hash": "bd51734a754b6c2baf28b2d1ebc11e91",
      "Requirements": []
    },
    "broom": {
      "Package": "broom",
      "Version": "0.7.11.9000",
      "Source": "GitHub",
      "RemoteType": "github",
      "RemoteHost": "api.github.com",
      "RemoteRepo": "broom",
      "RemoteUsername": "tidymodels",
      "RemoteRef": "HEAD",
      "RemoteSha": "58f6216cb088007eb95522533fdbe8c1c79be508",
      "Hash": "7245a5ee18ff10652163e22f65b557ef",
      "Requirements": [
        "backports",
        "dplyr",
        "ellipsis",
        "generics",
        "ggplot2",
        "glue",
        "purrr",
        "rlang",
        "stringr",
        "tibble",
        "tidyr"
      ]
    },
    "callr": {
      "Package": "callr",
      "Version": "3.7.0",
      "Source": "Repository",
      "Repository": "CRAN",
      "Hash": "461aa75a11ce2400245190ef5d3995df",
      "Requirements": [
        "R6",
        "processx"
      ]
    },
    "carData": {
      "Package": "carData",
      "Version": "3.0-4",
      "Source": "Repository",
      "Repository": "CRAN",
      "Hash": "7ff5c94cec207b3fd9774cfaa5157738",
      "Requirements": []
    },
    "checkmate": {
      "Package": "checkmate",
      "Version": "2.0.0",
      "Source": "Repository",
      "Repository": "CRAN",
      "Hash": "a667800d5f0350371bedeb8b8b950289",
      "Requirements": [
        "backports"
      ]
    },
    "cli": {
      "Package": "cli",
      "Version": "3.1.0",
      "Source": "Repository",
      "Repository": "CRAN",
      "Hash": "66a3834e54593c89d8beefb312347e58",
      "Requirements": [
        "glue"
      ]
    },
    "cluster": {
      "Package": "cluster",
      "Version": "2.1.0",
      "Source": "Repository",
      "Repository": "CRAN",
      "Hash": "db63a44aab5aadcb6bf2f129751d129a",
      "Requirements": []
    },
    "coda": {
      "Package": "coda",
      "Version": "0.19-4",
      "Source": "Repository",
      "Repository": "CRAN",
      "Hash": "24b6d006b8b2343876cf230687546932",
      "Requirements": [
        "lattice"
      ]
    },
    "colorspace": {
      "Package": "colorspace",
      "Version": "2.0-2",
      "Source": "Repository",
      "Repository": "CRAN",
      "Hash": "6baccb763ee83c0bd313460fdb8b8a84",
      "Requirements": []
    },
    "corpcor": {
      "Package": "corpcor",
      "Version": "1.6.9",
      "Source": "Repository",
      "Repository": "CRAN",
      "Hash": "ae01381679f4511ca7a72d55fe175213",
      "Requirements": []
    },
    "cpp11": {
      "Package": "cpp11",
      "Version": "0.4.2",
      "Source": "Repository",
      "Repository": "CRAN",
      "Hash": "fa53ce256cd280f468c080a58ea5ba8c",
      "Requirements": []
    },
    "crayon": {
      "Package": "crayon",
      "Version": "1.4.2",
      "Source": "Repository",
      "Repository": "CRAN",
      "Hash": "0a6a65d92bd45b47b94b84244b528d17",
      "Requirements": []
    },
    "curl": {
      "Package": "curl",
      "Version": "4.3.2",
      "Source": "Repository",
      "Repository": "CRAN",
      "Hash": "022c42d49c28e95d69ca60446dbabf88",
      "Requirements": []
    },
    "data.table": {
      "Package": "data.table",
      "Version": "1.14.0",
      "Source": "Repository",
      "Repository": "CRAN",
      "Hash": "d1b8b1a821ee564a3515fa6c6d5c52dc",
      "Requirements": []
    },
    "datawizard": {
      "Package": "datawizard",
      "Version": "0.2.1",
      "Source": "Repository",
      "Repository": "CRAN",
      "Hash": "8edf85932d64cb9c08db13ab73670cc9",
      "Requirements": [
        "insight"
      ]
    },
    "digest": {
      "Package": "digest",
      "Version": "0.6.29",
      "Source": "Repository",
      "Repository": "CRAN",
      "Hash": "cf6b206a045a684728c3267ef7596190",
      "Requirements": []
    },
    "dplyr": {
      "Package": "dplyr",
      "Version": "1.0.7",
      "Source": "Repository",
      "Repository": "CRAN",
      "Hash": "36f1ae62f026c8ba9f9b5c9a08c03297",
      "Requirements": [
        "R6",
        "ellipsis",
        "generics",
        "glue",
        "lifecycle",
        "magrittr",
        "pillar",
        "rlang",
        "tibble",
        "tidyselect",
        "vctrs"
      ]
    },
    "effectsize": {
      "Package": "effectsize",
      "Version": "0.5",
      "Source": "Repository",
      "Repository": "CRAN",
      "Hash": "d574e2bb0dbe570ccf30eafdcabdf0f2",
      "Requirements": [
        "bayestestR",
        "datawizard",
        "insight",
        "parameters",
        "performance"
      ]
    },
    "ellipsis": {
      "Package": "ellipsis",
      "Version": "0.3.2",
      "Source": "Repository",
      "Repository": "CRAN",
      "Hash": "bb0eec2fe32e88d9e2836c2f73ea2077",
      "Requirements": [
        "rlang"
      ]
    },
    "evaluate": {
      "Package": "evaluate",
      "Version": "0.14",
      "Source": "Repository",
      "Repository": "CRAN",
      "Hash": "ec8ca05cffcc70569eaaad8469d2a3a7",
      "Requirements": []
    },
    "fansi": {
      "Package": "fansi",
      "Version": "0.5.0",
      "Source": "Repository",
      "Repository": "CRAN",
      "Hash": "d447b40982c576a72b779f0a3b3da227",
      "Requirements": []
    },
    "farver": {
      "Package": "farver",
      "Version": "2.1.0",
      "Source": "Repository",
      "Repository": "CRAN",
      "Hash": "c98eb5133d9cb9e1622b8691487f11bb",
      "Requirements": []
    },
    "fastmap": {
      "Package": "fastmap",
      "Version": "1.1.0",
      "Source": "Repository",
      "Repository": "CRAN",
      "Hash": "77bd60a6157420d4ffa93b27cf6a58b8",
      "Requirements": []
    },
    "fdrtool": {
      "Package": "fdrtool",
      "Version": "1.2.16",
      "Source": "Repository",
      "Repository": "CRAN",
      "Hash": "7dbda42deb4880d90d646ea22776e85b",
      "Requirements": []
    },
    "forcats": {
      "Package": "forcats",
      "Version": "0.5.1",
      "Source": "Repository",
      "Repository": "CRAN",
      "Hash": "81c3244cab67468aac4c60550832655d",
      "Requirements": [
        "ellipsis",
        "magrittr",
        "rlang",
        "tibble"
      ]
    },
    "foreign": {
      "Package": "foreign",
      "Version": "0.8-80",
      "Source": "Repository",
      "Repository": "CRAN",
      "Hash": "ae1b1e15cc6ccb2bc61c0ac33e86d35f",
      "Requirements": []
    },
    "generics": {
      "Package": "generics",
      "Version": "0.1.1",
      "Source": "Repository",
      "Repository": "CRAN",
      "Hash": "3f6bcfb0ee5d671d9fd1893d2faa79cb",
      "Requirements": []
    },
    "ggplot2": {
      "Package": "ggplot2",
      "Version": "3.3.5",
      "Source": "Repository",
      "Repository": "CRAN",
      "Hash": "d7566c471c7b17e095dd023b9ef155ad",
      "Requirements": [
        "MASS",
        "digest",
        "glue",
        "gtable",
        "isoband",
        "mgcv",
        "rlang",
        "scales",
        "tibble",
        "withr"
      ]
    },
    "glasso": {
      "Package": "glasso",
      "Version": "1.11",
      "Source": "Repository",
      "Repository": "CRAN",
      "Hash": "1e1217c1b472d1dbffda819b57dc6d8d",
      "Requirements": []
    },
    "glue": {
      "Package": "glue",
      "Version": "1.6.0",
      "Source": "Repository",
      "Repository": "CRAN",
      "Hash": "b8bb7aaf248e45bac08ebed86f3a0aa4",
      "Requirements": []
    },
    "gridExtra": {
      "Package": "gridExtra",
      "Version": "2.3",
      "Source": "Repository",
      "Repository": "CRAN",
      "Hash": "7d7f283939f563670a697165b2cf5560",
      "Requirements": [
        "gtable"
      ]
    },
    "gsl": {
      "Package": "gsl",
      "Version": "2.1-6",
      "Source": "Repository",
      "Repository": "CRAN",
      "Hash": "cd08a36fbe64bf9b4a126b5d66e33db2",
      "Requirements": []
    },
    "gtable": {
      "Package": "gtable",
      "Version": "0.3.0",
      "Source": "Repository",
      "Repository": "CRAN",
      "Hash": "ac5c6baf7822ce8732b343f14c072c4d",
      "Requirements": []
    },
    "gtools": {
      "Package": "gtools",
      "Version": "3.9.2",
      "Source": "Repository",
      "Repository": "CRAN",
      "Hash": "2ace6c4a06297d0b364e0444384a2b82",
      "Requirements": []
    },
    "here": {
      "Package": "here",
      "Version": "1.0.1",
      "Source": "Repository",
      "Repository": "CRAN",
      "Hash": "24b224366f9c2e7534d2344d10d59211",
      "Requirements": [
        "rprojroot"
      ]
    },
    "highr": {
      "Package": "highr",
      "Version": "0.9",
      "Source": "Repository",
      "Repository": "CRAN",
      "Hash": "8eb36c8125038e648e5d111c0d7b2ed4",
      "Requirements": [
        "xfun"
      ]
    },
    "hms": {
      "Package": "hms",
      "Version": "1.1.0",
      "Source": "Repository",
      "Repository": "CRAN",
      "Hash": "e4bf161ccb74a2c1c0e8ac63bbe332b4",
      "Requirements": [
        "ellipsis",
        "lifecycle",
        "pkgconfig",
        "rlang",
        "vctrs"
      ]
    },
    "htmlTable": {
      "Package": "htmlTable",
      "Version": "2.2.1",
      "Source": "Repository",
      "Repository": "CRAN",
      "Hash": "e34c5cd3bb97592f506bad6e807e81a1",
      "Requirements": [
        "checkmate",
        "htmltools",
        "htmlwidgets",
        "knitr",
        "magrittr",
        "rstudioapi",
        "stringr"
      ]
    },
    "htmltools": {
      "Package": "htmltools",
      "Version": "0.5.2",
      "Source": "Repository",
      "Repository": "CRAN",
      "Hash": "526c484233f42522278ab06fb185cb26",
      "Requirements": [
        "base64enc",
        "digest",
        "fastmap",
        "rlang"
      ]
    },
    "htmlwidgets": {
      "Package": "htmlwidgets",
      "Version": "1.5.3",
      "Source": "Repository",
      "Repository": "CRAN",
      "Hash": "6fdaa86d0700f8b3e92ee3c445a5a10d",
      "Requirements": [
        "htmltools",
        "jsonlite",
        "yaml"
      ]
    },
    "httr": {
      "Package": "httr",
      "Version": "1.4.2",
      "Source": "Repository",
      "Repository": "CRAN",
      "Hash": "a525aba14184fec243f9eaec62fbed43",
      "Requirements": [
        "R6",
        "curl",
        "jsonlite",
        "mime",
        "openssl"
      ]
    },
    "igraph": {
      "Package": "igraph",
      "Version": "1.2.6",
      "Source": "Repository",
      "Repository": "CRAN",
      "Hash": "7b1f856410253d56ea67ad808f7cdff6",
      "Requirements": [
        "Matrix",
        "magrittr",
        "pkgconfig"
      ]
    },
    "insight": {
      "Package": "insight",
      "Version": "0.14.5",
      "Source": "Repository",
      "Repository": "CRAN",
      "Hash": "8ad4c36bd2c415bd2803f5e0e785e993",
      "Requirements": []
    },
    "isoband": {
      "Package": "isoband",
      "Version": "0.2.5",
      "Source": "Repository",
      "Repository": "CRAN",
      "Hash": "7ab57a6de7f48a8dc84910d1eca42883",
      "Requirements": []
    },
    "jpeg": {
      "Package": "jpeg",
      "Version": "0.1-9",
      "Source": "Repository",
      "Repository": "CRAN",
      "Hash": "441ee36360a57b363f4fa3df0c364630",
      "Requirements": []
    },
    "jquerylib": {
      "Package": "jquerylib",
      "Version": "0.1.4",
      "Source": "Repository",
      "Repository": "CRAN",
      "Hash": "5aab57a3bd297eee1c1d862735972182",
      "Requirements": [
        "htmltools"
      ]
    },
    "jsonlite": {
      "Package": "jsonlite",
      "Version": "1.7.2",
      "Source": "Repository",
      "Repository": "CRAN",
      "Hash": "98138e0994d41508c7a6b84a0600cfcb",
      "Requirements": []
    },
    "kableExtra": {
      "Package": "kableExtra",
      "Version": "1.3.4",
      "Source": "Repository",
      "Repository": "CRAN",
      "Hash": "49b625e6aabe4c5f091f5850aba8ff78",
      "Requirements": [
        "digest",
        "glue",
        "htmltools",
        "knitr",
        "magrittr",
        "rmarkdown",
        "rstudioapi",
        "rvest",
        "scales",
        "stringr",
        "svglite",
        "viridisLite",
        "webshot",
        "xml2"
      ]
    },
    "knitr": {
      "Package": "knitr",
      "Version": "1.37",
      "Source": "Repository",
      "Repository": "CRAN",
      "Hash": "a4ec675eb332a33fe7b7fe26f70e1f98",
      "Requirements": [
        "evaluate",
        "highr",
        "stringr",
        "xfun",
        "yaml"
      ]
    },
    "kutils": {
      "Package": "kutils",
      "Version": "1.70",
      "Source": "Repository",
      "Repository": "CRAN",
      "Hash": "32d0f7568fac85e7dfec288ea10a0433",
      "Requirements": [
        "RUnit",
        "foreign",
        "openxlsx",
        "plyr",
        "xtable"
      ]
    },
    "labeling": {
      "Package": "labeling",
      "Version": "0.4.2",
      "Source": "Repository",
      "Repository": "CRAN",
      "Hash": "3d5108641f47470611a32d0bdf357a72",
      "Requirements": []
    },
    "lattice": {
      "Package": "lattice",
      "Version": "0.20-41",
      "Source": "Repository",
      "Repository": "CRAN",
      "Hash": "fbd9285028b0263d76d18c95ae51a53d",
      "Requirements": []
    },
    "latticeExtra": {
      "Package": "latticeExtra",
      "Version": "0.6-29",
      "Source": "Repository",
      "Repository": "CRAN",
      "Hash": "590829599d6182cf7461787af34666ee",
      "Requirements": [
        "RColorBrewer",
        "jpeg",
        "lattice",
        "png"
      ]
    },
    "lavaan": {
      "Package": "lavaan",
      "Version": "0.6-9",
      "Source": "Repository",
      "Repository": "CRAN",
      "Hash": "0b22222b4b51f6d4fdbdd555d7351a24",
      "Requirements": [
        "MASS",
        "mnormt",
        "numDeriv",
        "pbivnorm"
      ]
    },
    "lifecycle": {
      "Package": "lifecycle",
      "Version": "1.0.1",
      "Source": "Repository",
      "Repository": "CRAN",
      "Hash": "a6b6d352e3ed897373ab19d8395c98d0",
      "Requirements": [
        "glue",
        "rlang"
      ]
    },
    "lisrelToR": {
      "Package": "lisrelToR",
      "Version": "0.1.4",
      "Source": "Repository",
      "Repository": "CRAN",
      "Hash": "a1ace2ca925d2f6c0acb15f48cf464d0",
      "Requirements": []
    },
    "lme4": {
      "Package": "lme4",
      "Version": "1.1-27.1",
      "Source": "Repository",
      "Repository": "CRAN",
      "Hash": "c995b0405ce0894d6fe52b3e08ea9085",
      "Requirements": [
        "MASS",
        "Matrix",
        "Rcpp",
        "RcppEigen",
        "boot",
        "lattice",
        "minqa",
        "nlme",
        "nloptr"
      ]
    },
    "magrittr": {
      "Package": "magrittr",
      "Version": "2.0.1",
      "Source": "Repository",
      "Repository": "CRAN",
      "Hash": "41287f1ac7d28a92f0a286ed507928d3",
      "Requirements": []
    },
    "matrixcalc": {
      "Package": "matrixcalc",
      "Version": "1.0-5",
      "Source": "Repository",
      "Repository": "CRAN",
      "Hash": "d6f97f942c6fd84d00a7b25b358f88f7",
      "Requirements": []
    },
    "mgcv": {
      "Package": "mgcv",
      "Version": "1.8-33",
      "Source": "Repository",
      "Repository": "CRAN",
      "Hash": "eb7b6439bc6d812eed2cddba5edc6be3",
      "Requirements": [
        "Matrix",
        "nlme"
      ]
    },
    "mi": {
      "Package": "mi",
      "Version": "1.0",
      "Source": "Repository",
      "Repository": "CRAN",
      "Hash": "b32d09b47e6fc8bef038a8186a484cde",
      "Requirements": [
        "Matrix",
        "arm"
      ]
    },
    "mime": {
      "Package": "mime",
      "Version": "0.11",
      "Source": "Repository",
      "Repository": "CRAN",
      "Hash": "8974a907200fc9948d636fe7d85ca9fb",
      "Requirements": []
    },
    "minqa": {
      "Package": "minqa",
      "Version": "1.2.4",
      "Source": "Repository",
      "Repository": "CRAN",
      "Hash": "eaee7d2a6f3ed4491df868611cb064cc",
      "Requirements": [
        "Rcpp"
      ]
    },
    "mnormt": {
      "Package": "mnormt",
      "Version": "2.0.2",
      "Source": "Repository",
      "Repository": "CRAN",
      "Hash": "7e6ee68a01d6c87c69087d4a250ee763",
      "Requirements": [
        "tmvnsim"
      ]
    },
    "munsell": {
      "Package": "munsell",
      "Version": "0.5.0",
      "Source": "Repository",
      "Repository": "CRAN",
      "Hash": "6dfe8bf774944bd5595785e3229d8771",
      "Requirements": [
        "colorspace"
      ]
    },
    "mvtnorm": {
      "Package": "mvtnorm",
      "Version": "1.1-2",
      "Source": "Repository",
      "Repository": "CRAN",
      "Hash": "6f0133c3842aef0394dbd844a21d3f5f",
      "Requirements": []
    },
    "nlme": {
      "Package": "nlme",
      "Version": "3.1-149",
      "Source": "Repository",
      "Repository": "CRAN",
      "Hash": "7c24ab3a1e3afe50388eb2d893aab255",
      "Requirements": [
        "lattice"
      ]
    },
    "nloptr": {
      "Package": "nloptr",
      "Version": "1.2.2.2",
      "Source": "Repository",
      "Repository": "CRAN",
      "Hash": "2737faeee353704efec5afa1e943dd64",
      "Requirements": []
    },
    "nnet": {
      "Package": "nnet",
      "Version": "7.3-14",
      "Source": "Repository",
      "Repository": "CRAN",
      "Hash": "0d87e50e11394a7151a28873637d799a",
      "Requirements": []
    },
    "numDeriv": {
      "Package": "numDeriv",
      "Version": "2016.8-1.1",
      "Source": "Repository",
      "Repository": "CRAN",
      "Hash": "df58958f293b166e4ab885ebcad90e02",
      "Requirements": []
    },
    "openssl": {
      "Package": "openssl",
      "Version": "1.4.4",
      "Source": "Repository",
      "Repository": "CRAN",
      "Hash": "f4dbc5a47fd93d3415249884d31d6791",
      "Requirements": [
        "askpass"
      ]
    },
    "openxlsx": {
      "Package": "openxlsx",
      "Version": "4.2.4",
      "Source": "Repository",
      "Repository": "CRAN",
      "Hash": "f1b1ca1254ccb485dccc9c0dc65a2c36",
      "Requirements": [
        "Rcpp",
        "stringi",
        "zip"
      ]
    },
    "papaja": {
      "Package": "papaja",
      "Version": "0.1.0.9997",
      "Source": "GitHub",
      "Remotes": "tidymodels/broom",
      "RemoteType": "github",
      "RemoteHost": "api.github.com",
      "RemoteRepo": "papaja",
      "RemoteUsername": "crsh",
      "RemoteRef": "HEAD",
      "RemoteSha": "a231c3628ccf24359cc17f11a5bbc743e3fed920",
      "Hash": "9e703c29ea6aa84ddb2a00072e0f73ee",
      "Requirements": [
        "base64enc",
        "bookdown",
        "broom",
        "knitr",
        "rmarkdown",
        "rmdfiltr",
        "yaml",
        "zip"
      ]
    },
    "parameters": {
      "Package": "parameters",
      "Version": "0.15.0",
      "Source": "Repository",
      "Repository": "CRAN",
      "Hash": "ca7066d8c743f6c41bb2fcdb5ebb53bf",
      "Requirements": [
        "bayestestR",
        "datawizard",
        "insight"
      ]
    },
    "pbapply": {
      "Package": "pbapply",
      "Version": "1.4-3",
      "Source": "Repository",
      "Repository": "CRAN",
      "Hash": "52f8028b028076bc3b7ee5d6251abf0d",
      "Requirements": []
    },
    "pbivnorm": {
      "Package": "pbivnorm",
      "Version": "0.6.0",
      "Source": "Repository",
      "Repository": "CRAN",
      "Hash": "643e16a7da6aac3e18cadc3e14abb94b",
      "Requirements": []
    },
    "performance": {
      "Package": "performance",
      "Version": "0.8.0",
      "Source": "Repository",
      "Repository": "CRAN",
      "Hash": "e83826fc69fe190eb5ef62012259541a",
      "Requirements": [
        "bayestestR",
        "datawizard",
        "insight"
      ]
    },
    "pillar": {
      "Package": "pillar",
      "Version": "1.6.4",
      "Source": "Repository",
      "Repository": "CRAN",
      "Hash": "60200b6aa32314ac457d3efbb5ccbd98",
      "Requirements": [
        "cli",
        "crayon",
        "ellipsis",
        "fansi",
        "lifecycle",
        "rlang",
        "utf8",
        "vctrs"
      ]
    },
    "pkgconfig": {
      "Package": "pkgconfig",
      "Version": "2.0.3",
      "Source": "Repository",
      "Repository": "CRAN",
      "Hash": "01f28d4278f15c76cddbea05899c5d6f",
      "Requirements": []
    },
    "plyr": {
      "Package": "plyr",
      "Version": "1.8.6",
      "Source": "Repository",
      "Repository": "CRAN",
      "Hash": "ec0e5ab4e5f851f6ef32cd1d1984957f",
      "Requirements": [
        "Rcpp"
      ]
    },
    "png": {
      "Package": "png",
      "Version": "0.1-7",
      "Source": "Repository",
      "Repository": "CRAN",
      "Hash": "03b7076c234cb3331288919983326c55",
      "Requirements": []
    },
    "prettyunits": {
      "Package": "prettyunits",
      "Version": "1.1.1",
      "Source": "Repository",
      "Repository": "CRAN",
      "Hash": "95ef9167b75dde9d2ccc3c7528393e7e",
      "Requirements": []
    },
    "processx": {
      "Package": "processx",
      "Version": "3.5.2",
      "Source": "Repository",
      "Repository": "CRAN",
      "Hash": "0cbca2bc4d16525d009c4dbba156b37c",
      "Requirements": [
        "R6",
        "ps"
      ]
    },
    "progress": {
      "Package": "progress",
      "Version": "1.2.2",
      "Source": "Repository",
      "Repository": "CRAN",
      "Hash": "14dc9f7a3c91ebb14ec5bb9208a07061",
      "Requirements": [
        "R6",
        "crayon",
        "hms",
        "prettyunits"
      ]
    },
    "ps": {
      "Package": "ps",
      "Version": "1.6.0",
      "Source": "Repository",
      "Repository": "CRAN",
      "Hash": "32620e2001c1dce1af49c49dccbb9420",
      "Requirements": []
    },
    "psych": {
      "Package": "psych",
      "Version": "2.1.6",
      "Source": "Repository",
      "Repository": "CRAN",
      "Hash": "d37247c8be48e9ff773e6634aa3cc17b",
      "Requirements": [
        "lattice",
        "mnormt",
        "nlme"
      ]
    },
    "purrr": {
      "Package": "purrr",
      "Version": "0.3.4",
      "Source": "Repository",
      "Repository": "CRAN",
      "Hash": "97def703420c8ab10d8f0e6c72101e02",
      "Requirements": [
        "magrittr",
        "rlang"
      ]
    },
    "qgraph": {
      "Package": "qgraph",
      "Version": "1.6.9",
      "Source": "Repository",
      "Repository": "CRAN",
      "Hash": "45c8a0c1888ddc4e5a0e6912a95711d1",
      "Requirements": [
        "Hmisc",
        "Matrix",
        "Rcpp",
        "abind",
        "colorspace",
        "corpcor",
        "dplyr",
        "fdrtool",
        "ggplot2",
        "glasso",
        "gtools",
        "igraph",
        "jpeg",
        "lavaan",
        "pbapply",
        "plyr",
        "png",
        "psych",
        "reshape2"
      ]
    },
    "regsem": {
      "Package": "regsem",
      "Version": "1.8.0",
      "Source": "Repository",
      "Repository": "CRAN",
      "Hash": "9abcc31b7fb4f1757f2fad2041014747",
      "Requirements": [
        "Rcpp",
        "RcppArmadillo",
        "Rsolnp",
        "lavaan"
      ]
    },
    "renv": {
      "Package": "renv",
      "Version": "0.15.2",
      "Source": "Repository",
      "Repository": "CRAN",
      "Hash": "206c4ef8b7ad6fb1060d69aa7b9dfe69",
      "Requirements": []
    },
    "reshape": {
      "Package": "reshape",
      "Version": "0.8.8",
      "Source": "Repository",
      "Repository": "CRAN",
      "Hash": "0f4d941129e00ed34a7d192b1da7ccef",
      "Requirements": [
        "plyr"
      ]
    },
    "reshape2": {
      "Package": "reshape2",
      "Version": "1.4.4",
      "Source": "Repository",
      "Repository": "CRAN",
      "Hash": "bb5996d0bd962d214a11140d77589917",
      "Requirements": [
        "Rcpp",
        "plyr",
        "stringr"
      ]
    },
    "rlang": {
      "Package": "rlang",
      "Version": "0.4.12",
      "Source": "Repository",
      "Repository": "CRAN",
      "Hash": "0879f5388fe6e4d56d7ef0b7ccb031e5",
      "Requirements": []
    },
    "rmarkdown": {
      "Package": "rmarkdown",
      "Version": "2.11",
      "Source": "Repository",
      "Repository": "CRAN",
      "Hash": "320017b52d05a943981272b295750388",
      "Requirements": [
        "evaluate",
        "htmltools",
        "jquerylib",
        "jsonlite",
        "knitr",
        "stringr",
        "tinytex",
        "xfun",
        "yaml"
      ]
    },
    "rmdfiltr": {
      "Package": "rmdfiltr",
      "Version": "0.1.3",
      "Source": "Repository",
      "Repository": "CRAN",
      "Hash": "d2e1277195d221e6118d8a77dda2e877",
      "Requirements": [
        "assertthat",
        "rmarkdown"
      ]
    },
    "rockchalk": {
      "Package": "rockchalk",
      "Version": "1.8.144",
      "Source": "Repository",
      "Repository": "CRAN",
      "Hash": "ab8d571c90f0aaac52ca9ae4ca836b98",
      "Requirements": [
        "MASS",
        "carData",
        "kutils",
        "lme4"
      ]
    },
    "rpart": {
      "Package": "rpart",
      "Version": "4.1-15",
      "Source": "Repository",
      "Repository": "CRAN",
      "Hash": "9787c1fcb680e655d062e7611cadf78e",
      "Requirements": []
    },
    "rpf": {
      "Package": "rpf",
      "Version": "1.0.7",
      "Source": "Repository",
      "Repository": "CRAN",
      "Hash": "440f7134768bc521ff767a1dbc1a7dd9",
      "Requirements": [
        "Rcpp",
        "RcppEigen",
        "lifecycle",
        "mvtnorm"
      ]
    },
    "rprojroot": {
      "Package": "rprojroot",
      "Version": "2.0.2",
      "Source": "Repository",
      "Repository": "CRAN",
      "Hash": "249d8cd1e74a8f6a26194a91b47f21d1",
      "Requirements": []
    },
    "rstudioapi": {
      "Package": "rstudioapi",
      "Version": "0.13",
      "Source": "Repository",
      "Repository": "CRAN",
      "Hash": "06c85365a03fdaf699966cc1d3cf53ea",
      "Requirements": []
    },
    "rvest": {
      "Package": "rvest",
      "Version": "1.0.1",
      "Source": "Repository",
      "Repository": "CRAN",
      "Hash": "1db38d6f40e3e09527797ca4226a1b5b",
      "Requirements": [
        "httr",
        "lifecycle",
        "magrittr",
        "rlang",
        "selectr",
        "tibble",
        "xml2"
      ]
    },
    "scales": {
      "Package": "scales",
      "Version": "1.1.1",
      "Source": "Repository",
      "Repository": "CRAN",
      "Hash": "6f76f71042411426ec8df6c54f34e6dd",
      "Requirements": [
        "R6",
        "RColorBrewer",
        "farver",
        "labeling",
        "lifecycle",
        "munsell",
        "viridisLite"
      ]
    },
    "selectr": {
      "Package": "selectr",
      "Version": "0.4-2",
      "Source": "Repository",
      "Repository": "CRAN",
      "Hash": "3838071b66e0c566d55cc26bd6e27bf4",
      "Requirements": [
        "R6",
        "stringr"
      ]
    },
    "sem": {
      "Package": "sem",
      "Version": "3.1-11",
      "Source": "Repository",
      "Repository": "CRAN",
      "Hash": "eafb9f42d83e1acca6fbd66c158cb448",
      "Requirements": [
        "MASS",
        "boot",
        "matrixcalc",
        "mi"
      ]
    },
    "semPlot": {
      "Package": "semPlot",
      "Version": "1.1.2",
      "Source": "Repository",
      "Repository": "CRAN",
      "Hash": "00fe8bd5a1da755b74a1d53172fa4d5d",
      "Requirements": [
        "OpenMx",
        "XML",
        "colorspace",
        "corpcor",
        "igraph",
        "lavaan",
        "lisrelToR",
        "plyr",
        "qgraph",
        "regsem",
        "rockchalk",
        "sem"
      ]
    },
    "semTools": {
      "Package": "semTools",
      "Version": "0.5-5",
      "Source": "Repository",
      "Repository": "CRAN",
      "Hash": "a15f6b10d42cf7a2a3857a80f92d26e5",
      "Requirements": [
        "lavaan",
        "pbivnorm"
      ]
    },
    "stringi": {
      "Package": "stringi",
      "Version": "1.7.6",
      "Source": "Repository",
      "Repository": "CRAN",
      "Hash": "bba431031d30789535745a9627ac9271",
      "Requirements": []
    },
    "stringr": {
      "Package": "stringr",
      "Version": "1.4.0",
      "Source": "Repository",
      "Repository": "CRAN",
      "Hash": "0759e6b6c0957edb1311028a49a35e76",
      "Requirements": [
        "glue",
        "magrittr",
        "stringi"
      ]
    },
    "survival": {
      "Package": "survival",
      "Version": "3.2-7",
      "Source": "Repository",
      "Repository": "CRAN",
      "Hash": "39c4ac6d22dad33db0ee37b40810ea12",
      "Requirements": [
        "Matrix"
      ]
    },
    "svglite": {
      "Package": "svglite",
      "Version": "2.0.0",
      "Source": "Repository",
      "Repository": "CRAN",
      "Hash": "8fb6188960bf0f90996ce52f9c2106ac",
      "Requirements": [
        "cpp11",
        "systemfonts"
      ]
    },
    "sys": {
      "Package": "sys",
      "Version": "3.4",
      "Source": "Repository",
      "Repository": "CRAN",
      "Hash": "b227d13e29222b4574486cfcbde077fa",
      "Requirements": []
    },
    "systemfonts": {
      "Package": "systemfonts",
      "Version": "1.0.0",
      "Source": "Repository",
      "Repository": "CRAN",
      "Hash": "e7c955aea294f44eee62fde18795da6f",
      "Requirements": [
        "cpp11"
      ]
    },
    "tibble": {
      "Package": "tibble",
      "Version": "3.1.6",
      "Source": "Repository",
      "Repository": "CRAN",
      "Hash": "8a8f02d1934dfd6431c671361510dd0b",
      "Requirements": [
        "ellipsis",
        "fansi",
        "lifecycle",
        "magrittr",
        "pillar",
        "pkgconfig",
        "rlang",
        "vctrs"
      ]
    },
    "tidyr": {
      "Package": "tidyr",
      "Version": "1.1.4",
      "Source": "Repository",
      "Repository": "CRAN",
      "Hash": "c8fbdbd9fcac223d6c6fe8e406f368e1",
      "Requirements": [
        "cpp11",
        "dplyr",
        "ellipsis",
        "glue",
        "lifecycle",
        "magrittr",
        "purrr",
        "rlang",
        "tibble",
        "tidyselect",
        "vctrs"
      ]
    },
    "tidyselect": {
      "Package": "tidyselect",
      "Version": "1.1.1",
      "Source": "Repository",
      "Repository": "CRAN",
      "Hash": "7243004a708d06d4716717fa1ff5b2fe",
      "Requirements": [
        "ellipsis",
        "glue",
        "purrr",
        "rlang",
        "vctrs"
      ]
    },
    "tinytex": {
      "Package": "tinytex",
      "Version": "0.36",
      "Source": "Repository",
      "Repository": "CRAN",
      "Hash": "130fe4c61e55b271a2655b3a284a205f",
      "Requirements": [
        "xfun"
      ]
    },
    "tmvnsim": {
      "Package": "tmvnsim",
      "Version": "1.0-2",
      "Source": "Repository",
      "Repository": "CRAN",
      "Hash": "50470c7ed0cc8099cbc17b38f0ef621f",
      "Requirements": []
    },
    "truncnorm": {
      "Package": "truncnorm",
      "Version": "1.0-8",
      "Source": "Repository",
      "Repository": "CRAN",
      "Hash": "cc8b5bfa01c930ccb56d3051e515fbd8",
      "Requirements": []
    },
    "utf8": {
      "Package": "utf8",
      "Version": "1.2.2",
      "Source": "Repository",
      "Repository": "CRAN",
      "Hash": "c9c462b759a5cc844ae25b5942654d13",
      "Requirements": []
    },
    "vctrs": {
      "Package": "vctrs",
      "Version": "0.3.8",
      "Source": "Repository",
      "Repository": "CRAN",
      "Hash": "ecf749a1b39ea72bd9b51b76292261f1",
      "Requirements": [
        "ellipsis",
        "glue",
        "rlang"
      ]
    },
    "viridis": {
      "Package": "viridis",
      "Version": "0.6.1",
      "Source": "Repository",
      "Repository": "CRAN",
      "Hash": "424d1285b7372d39806abb19467e4df4",
      "Requirements": [
        "ggplot2",
        "gridExtra",
        "viridisLite"
      ]
    },
    "viridisLite": {
      "Package": "viridisLite",
      "Version": "0.4.0",
      "Source": "Repository",
      "Repository": "CRAN",
      "Hash": "55e157e2aa88161bdb0754218470d204",
      "Requirements": []
    },
    "webshot": {
      "Package": "webshot",
      "Version": "0.5.2",
      "Source": "Repository",
      "Repository": "CRAN",
      "Hash": "e99d80ad34457a4853674e89d5e806de",
      "Requirements": [
        "callr",
        "jsonlite",
        "magrittr"
      ]
    },
    "withr": {
      "Package": "withr",
      "Version": "2.4.3",
      "Source": "Repository",
      "Repository": "CRAN",
      "Hash": "a376b424c4817cda4920bbbeb3364e85",
      "Requirements": []
    },
    "xfun": {
      "Package": "xfun",
      "Version": "0.29",
      "Source": "Repository",
      "Repository": "CRAN",
      "Hash": "e2e5fb1a74fbb68b27d6efc5372635dc",
      "Requirements": []
    },
    "xml2": {
      "Package": "xml2",
      "Version": "1.3.2",
      "Source": "Repository",
      "Repository": "CRAN",
      "Hash": "d4d71a75dd3ea9eb5fa28cc21f9585e2",
      "Requirements": []
    },
    "xtable": {
      "Package": "xtable",
      "Version": "1.8-4",
      "Source": "Repository",
      "Repository": "CRAN",
      "Hash": "b8acdf8af494d9ec19ccb2481a9b11c2",
      "Requirements": []
    },
    "yaml": {
      "Package": "yaml",
      "Version": "2.2.1",
      "Source": "Repository",
      "Repository": "CRAN",
      "Hash": "2826c5d9efb0a88f657c7a679c7106db",
      "Requirements": []
    },
    "zip": {
      "Package": "zip",
      "Version": "2.2.0",
      "Source": "Repository",
      "Repository": "CRAN",
      "Hash": "c7eef2996ac270a18c2715c997a727c5",
      "Requirements": []
    }
  }
}
